{
  "version": 1,
  "dependencies": {
    "net10.0-windows7.0": {
      "DalamudPackager": {
        "type": "Direct",
        "requested": "[14.0.1, )",
        "resolved": "14.0.1",
        "contentHash": "y0WWyUE6dhpGdolK3iKgwys05/nZaVf4ZPtIjpLhJBZvHxkkiE23zYRo7K7uqAgoK/QvK5cqF6l3VG5AbgC6KA=="
      },
      "Discord.Net.WebSocket": {
        "type": "Direct",
        "requested": "[3.19.0, )",
        "resolved": "3.19.0",
        "contentHash": "rQj4PI29hJnyXQnWl0K49APVK4RJVJfVJMREMF7eyzfxl11ORfBqZSxb1jNLVH0CV5oPoocmIOFxgTEfbN4KHw==",
        "dependencies": {
          "Discord.Net.Core": "3.19.0",
          "Discord.Net.Dave": "3.19.0",
          "Discord.Net.Rest": "3.19.0"
        }
      },
      "DotNet.ReproducibleBuilds": {
        "type": "Direct",
        "requested": "[1.2.39, )",
        "resolved": "1.2.39",
        "contentHash": "fcFN01tDTIQqDuTwr1jUQK/geofiwjG5DycJQOnC72i1SsLAk1ELe+apBOuZ11UMQG8YKFZG1FgvjZPbqHyatg=="
      },
      "Scriban": {
        "type": "Direct",
        "requested": "[6.5.5, )",
        "resolved": "6.5.5",
        "contentHash": "TxsmDVQ9agPQaY+SvdTO+zntGpJOnL1QaO4dzACfc6gEKRYhoMpzCCFuVixEZXet291sRnjyym6lB69Cr/EXPQ=="
      },
      "Discord.Net.Core": {
        "type": "Transitive",
        "resolved": "3.19.0",
        "contentHash": "UbrVd6XBmQLkB1LmZfGqpxoxHoFHeKa/OPxBxVHPV8RbszzM0XDu01LKPFYIBmcdp7qOIlmbqiXLz40b0WQ8Dw==",
        "dependencies": {
          "Newtonsoft.Json": "13.0.4"
        }
      },
      "Discord.Net.Dave": {
        "type": "Transitive",
        "resolved": "3.19.0",
        "contentHash": "yP/vRNnXXVgCB52dYRRUZth3a+FTcBgJfWt6nqru5ey0WaUcKADt+8rNFLbvy8ad45v5Q/xRP36KT84QWPb6aQ=="
      },
      "Discord.Net.Rest": {
        "type": "Transitive",
        "resolved": "3.19.0",
        "contentHash": "478t89Xv7faDQWmJM3vMd4Z3zXT2+kAEbT4spkWv/JcLqb9ltvwCS5SlczBNhMOY5IiW4bcEn2SnP3oKFu9YOQ==",
        "dependencies": {
          "Discord.Net.Core": "3.19.0"
        }
      },
      "Newtonsoft.Json": {
        "type": "Transitive",
        "resolved": "13.0.4",
        "contentHash": "pdgNNMai3zv51W5aq268sujXUyx7SNdE2bj1wZcWjAQrKMFZV260lbqYop1d2GM67JI1huLRwxo9ZqnfF/lC6A=="
      }
    }
  }
}