{
  "version": 1,
  "dependencies": {
    "net10.0-windows7.0": {
      "DalamudPackager": {
        "type": "Direct",
        "requested": "[14.0.1, )",
        "resolved": "14.0.1",
        "contentHash": "y0WWyUE6dhpGdolK3iKgwys05/nZaVf4ZPtIjpLhJBZvHxkkiE23zYRo7K7uqAgoK/QvK5cqF6l3VG5AbgC6KA=="
      },
      "Discord.Net.WebSocket": {
        "type": "Direct",
        "requested": "[3.19.1, )",
        "resolved": "3.19.1",
        "contentHash": "T/Rkwb2rUShcppKVV9E02WM2CcZ6fS8+hsGUcJaQOzxuyXvOROl/QoMYER6HwvtkOZtkmpKagtgp+BdB/FJsDQ==",
        "dependencies": {
          "Discord.Net.Core": "3.19.1",
          "Discord.Net.Dave": "3.19.1",
          "Discord.Net.Rest": "3.19.1"
        }
      },
      "DotNet.ReproducibleBuilds": {
        "type": "Direct",
        "requested": "[1.2.39, )",
        "resolved": "1.2.39",
        "contentHash": "fcFN01tDTIQqDuTwr1jUQK/geofiwjG5DycJQOnC72i1SsLAk1ELe+apBOuZ11UMQG8YKFZG1FgvjZPbqHyatg=="
      },
      "Scriban": {
        "type": "Direct",
        "requested": "[7.0.0, )",
        "resolved": "7.0.0",
        "contentHash": "Y4/BGU/c2TjvGUfMBm5jZfPjHe8B4dk8ej72Vsy+nTsRCb/TNqZ1PdGQnV+04p7RJ85UiM4ni2Dx2F7yKOORNw=="
      },
      "Discord.Net.Core": {
        "type": "Transitive",
        "resolved": "3.19.1",
        "contentHash": "oprcLqSEnJlI0EjjyrKYq4qp3TVgRV5qvlOY+OTjrvCHRDcvH72hCQaXY7fTQKzuRicxB6qKoYuJjcW+bJ21nQ==",
        "dependencies": {
          "Newtonsoft.Json": "13.0.4"
        }
      },
      "Discord.Net.Dave": {
        "type": "Transitive",
        "resolved": "3.19.1",
        "contentHash": "za4UlZNYt2DOMy5GKGtTqg8iPK/ZlNqQWbyFIk6308RmRYTZhHhyhQtOrTcVkc/La7HXZDI+HSNqnMcnlTYZaw=="
      },
      "Discord.Net.Rest": {
        "type": "Transitive",
        "resolved": "3.19.1",
        "contentHash": "47KQw/PKmyxNzRh5yqKQYejznKHriigkmXMQOL5bWp16DEoRtyw0INwXLdLEzLeFjYJTzxBweOSIWZ4To9QIMw==",
        "dependencies": {
          "Discord.Net.Core": "3.19.1"
        }
      },
      "Newtonsoft.Json": {
        "type": "Transitive",
        "resolved": "13.0.4",
        "contentHash": "pdgNNMai3zv51W5aq268sujXUyx7SNdE2bj1wZcWjAQrKMFZV260lbqYop1d2GM67JI1huLRwxo9ZqnfF/lC6A=="
      }
    }
  }
}